{
  "meteor": {},
  "dependencies": {
    "basePackages": {
      "zones": {
        "path": "../../project"
      }
    },
    "packages": {
      "zones": {
        "path": "../../project"
      },
      "inject-initial": {
        "git": "https://github.com/gadicc/meteor-inject-initial.git",
        "tag": "v0.0.10",
        "commit": "19d24aea9cdc16963291dfd85a12d6eadf7b98aa"
      }
    }
  }
}
